
Microsoft Visual Studio Solution File, Format Version 12.00
# Visual Studio Version 16
VisualStudioVersion = 16.0.31205.134
MinimumVisualStudioVersion = 10.0.40219.1
Project("{FAE04EC0-301F-11D3-BF4B-00C04F79EFBC}") = "Exchanger.API", "Exchanger\Exchanger.API.csproj", "{BC5FA2C1-179D-43F2-BF1C-7D993D4DB4C8}"
EndProject
Project("{FAE04EC0-301F-11D3-BF4B-00C04F79EFBC}") = "Exchanger.DataAccess", "Exchanger.DataAccess\Exchanger.DataAccess.csproj", "{7E61FD52-E3BD-4791-A2BA-23F196FB395C}"
EndProject
Project("{FAE04EC0-301F-11D3-BF4B-00C04F79EFBC}") = "Exchanger.BusinessLogic", "Exchanger.BusinessLogic\Exchanger.BusinessLogic.csproj", "{05463A92-11BC-445B-BC20-66156074A546}"
EndProject
Global
	GlobalSection(SolutionConfigurationPlatforms) = preSolution
		Debug|Any CPU = Debug|Any CPU
		Release|Any CPU = Release|Any CPU
	EndGlobalSection
	GlobalSection(ProjectConfigurationPlatforms) = postSolution
		{BC5FA2C1-179D-43F2-BF1C-7D993D4DB4C8}.Debug|Any CPU.ActiveCfg = Debug|Any CPU
		{BC5FA2C1-179D-43F2-BF1C-7D993D4DB4C8}.Debug|Any CPU.Build.0 = Debug|Any CPU
		{BC5FA2C1-179D-43F2-BF1C-7D993D4DB4C8}.Release|Any CPU.ActiveCfg = Release|Any CPU
		{BC5FA2C1-179D-43F2-BF1C-7D993D4DB4C8}.Release|Any CPU.Build.0 = Release|Any CPU
		{7E61FD52-E3BD-4791-A2BA-23F196FB395C}.Debug|Any CPU.ActiveCfg = Debug|Any CPU
		{7E61FD52-E3BD-4791-A2BA-23F196FB395C}.Debug|Any CPU.Build.0 = Debug|Any CPU
		{7E61FD52-E3BD-4791-A2BA-23F196FB395C}.Release|Any CPU.ActiveCfg = Release|Any CPU
		{7E61FD52-E3BD-4791-A2BA-23F196FB395C}.Release|Any CPU.Build.0 = Release|Any CPU
		{05463A92-11BC-445B-BC20-66156074A546}.Debug|Any CPU.ActiveCfg = Debug|Any CPU
		{05463A92-11BC-445B-BC20-66156074A546}.Debug|Any CPU.Build.0 = Debug|Any CPU
		{05463A92-11BC-445B-BC20-66156074A546}.Release|Any CPU.ActiveCfg = Release|Any CPU
		{05463A92-11BC-445B-BC20-66156074A546}.Release|Any CPU.Build.0 = Release|Any CPU
	EndGlobalSection
	GlobalSection(SolutionProperties) = preSolution
		HideSolutionNode = FALSE
	EndGlobalSection
	GlobalSection(ExtensibilityGlobals) = postSolution
		SolutionGuid = {5212DAB0-F23E-484E-8740-58CAF9D3D153}
	EndGlobalSection
EndGlobal
